
Microsoft Visual Studio Solution File, Format Version 12.00
# Visual Studio 15
Project("{FAE04EC0-301F-11D3-BF4B-00C04F79EFBC}") = "RacingBattleground", "RacingBattleground\RacingBattleground.csproj", "{873D9E82-1EB2-4EC7-B31A-2A896B2D8EB3}"
EndProject
Global
	GlobalSection(SolutionConfigurationPlatforms) = preSolution
		Debug|anycpu = Debug|anycpu
		Release|anycpu = Release|anycpu
	EndGlobalSection
	GlobalSection(ProjectConfigurationPlatforms) = postSolution
		{873D9E82-1EB2-4EC7-B31A-2A896B2D8EB3}.Debug|anycpu.ActiveCfg = Debug|anycpu
		{873D9E82-1EB2-4EC7-B31A-2A896B2D8EB3}.Debug|anycpu.Build.0 = Debug|anycpu
		{873D9E82-1EB2-4EC7-B31A-2A896B2D8EB3}.Release|anycpu.ActiveCfg = Release|anycpu
		{873D9E82-1EB2-4EC7-B31A-2A896B2D8EB3}.Release|anycpu.Build.0 = Release|anycpu
	EndGlobalSection
EndGlobal
